Microsoft Visual Studio Solution File, Format Version 12.00
# Visual Studio Version 17
VisualStudioVersion = 17.0.31903.59
MinimumVisualStudioVersion = 10.0.40219.1
Project("{2150E333-8FDC-42A3-9474-1A3956D46DE8}") = "src", "src", "{4F2D2F60-5C11-449A-9E7C-9FDC9A078AF9}"
EndProject
Project("{2150E333-8FDC-42A3-9474-1A3956D46DE8}") = "tests", "tests", "{5F2D2F60-5C11-449A-9E7C-9FDC9A078AFA}"
EndProject
Project("{FAE04EC0-301F-11D3-BF4B-00C04F79EFBC}") = "Aer.Vigilante", "src\Aer.Vigilante.csproj", "{028BED98-697E-42E4-B18A-C8B861E49361}"
EndProject
Project("{FAE04EC0-301F-11D3-BF4B-00C04F79EFBC}") = "Aer.Vigilante.Tests", "tests\Aer.Vigilante.Tests.csproj", "{128BED98-697E-42E4-B18A-C8B861E49362}"
EndProject
Global
	GlobalSection(SolutionConfigurationPlatforms) = preSolution
		Debug|Any CPU = Debug|Any CPU
		Release|Any CPU = Release|Any CPU
	EndGlobalSection
	GlobalSection(ProjectConfigurationPlatforms) = postSolution
		{028BED98-697E-42E4-B18A-C8B861E49361}.Debug|Any CPU.ActiveCfg = Debug|Any CPU
		{028BED98-697E-42E4-B18A-C8B861E49361}.Debug|Any CPU.Build.0 = Debug|Any CPU
		{028BED98-697E-42E4-B18A-C8B861E49361}.Release|Any CPU.ActiveCfg = Release|Any CPU
		{028BED98-697E-42E4-B18A-C8B861E49361}.Release|Any CPU.Build.0 = Release|Any CPU
		{128BED98-697E-42E4-B18A-C8B861E49362}.Debug|Any CPU.ActiveCfg = Debug|Any CPU
		{128BED98-697E-42E4-B18A-C8B861E49362}.Debug|Any CPU.Build.0 = Debug|Any CPU
		{128BED98-697E-42E4-B18A-C8B861E49362}.Release|Any CPU.ActiveCfg = Release|Any CPU
		{128BED98-697E-42E4-B18A-C8B861E49362}.Release|Any CPU.Build.0 = Release|Any CPU
	EndGlobalSection
	GlobalSection(NestedProjects) = preSolution
		{028BED98-697E-42E4-B18A-C8B861E49361} = {4F2D2F60-5C11-449A-9E7C-9FDC9A078AF9}
		{128BED98-697E-42E4-B18A-C8B861E49362} = {5F2D2F60-5C11-449A-9E7C-9FDC9A078AFA}
	EndGlobalSection
	GlobalSection(SolutionProperties) = preSolution
		HideSolutionNode = FALSE
	EndGlobalSection
EndGlobal
